dependencies:
- name: fluent-bit
  repository: https://fluent.github.io/helm-charts
  version: 0.20.9
- name: kube-prometheus-stack
  repository: https://prometheus-community.github.io/helm-charts
  version: 12.10.0
- name: falco
  repository: https://falcosecurity.github.io/charts
  version: 1.18.6
- name: metrics-server
  repository: https://charts.bitnami.com/bitnami
  version: 5.11.9
- name: telegraf-operator
  repository: https://helm.influxdata.com/
  version: 1.3.10
- name: tailing-sidecar-operator
  repository: https://sumologic.github.io/tailing-sidecar
  version: 0.3.4
- name: opentelemetry-operator
  repository: https://open-telemetry.github.io/opentelemetry-helm-charts
  version: 0.18.3
digest: sha256:b52addf60fe3fe576518a914324efd0d071aaaf0642a977b79959a06b472ed72
generated: "2022-11-24T12:04:42.943370756Z"
