dependencies:
- name: knowledge-sensor
  repository: https://asserts.github.io/helm-charts
  version: 1.1.0
- name: victoria-metrics-single
  repository: https://asserts.github.io/helm-charts
  version: 1.1.0
- name: alertmanager
  repository: https://asserts.github.io/helm-charts
  version: 1.0.0
- name: promxy
  repository: https://asserts.github.io/helm-charts
  version: 0.8.0
- name: promxy
  repository: https://asserts.github.io/helm-charts
  version: 0.8.0
- name: ebpf-probe
  repository: https://asserts.github.io/helm-charts
  version: 0.7.0
- name: common
  repository: https://charts.bitnami.com/bitnami
  version: 1.17.1
- name: redis
  repository: https://charts.bitnami.com/bitnami
  version: 16.13.2
- name: redis
  repository: https://charts.bitnami.com/bitnami
  version: 16.13.2
- name: postgresql
  repository: https://charts.bitnami.com/bitnami
  version: 11.9.13
digest: sha256:01c1dcd68aed64bfa02aedf31b0dfb5036c6bd410c5f609660ece25a0d813d93
generated: "2023-05-04T17:28:39.695761-07:00"
