dependencies:
- name: etcd
  repository: https://raw.githubusercontent.com/bitnami/charts/eb5f9a9513d987b519f0ecd732e7031241c50328/bitnami
  version: 6.2.3
- name: jaeger-operator
  repository: https://jaegertracing.github.io/helm-charts
  version: 2.25.0
- name: loki-stack
  repository: https://grafana.github.io/helm-charts
  version: 2.6.4
digest: sha256:7b606e19fe468b2ae9003fe1b3af8add46e036cbc3d005565b73c02c10638e66
generated: "2022-08-17T12:22:14.148800658-04:00"
