dependencies:
- name: grafana
  repository: ""
  version: 3.6.2
- name: crds
  repository: ""
  version: 3.6.2
- name: reports-server
  repository: https://nirmata.github.io/kyverno-charts
  version: 0.2.14-rc2
- name: openreports
  repository: https://openreports.github.io/reports-api
  version: 0.1.0
digest: sha256:5fc67b2d379a7b34cd8f041d85abddba4099dd9cd44a1ce23af4859440656136
generated: "2026-01-12T09:32:19.237314934Z"
