dependencies:
- name: grafana
  repository: ""
  version: 3.7.0
- name: crds
  repository: ""
  version: 3.7.0
- name: kyverno-api
  repository: https://kyverno.github.io/api
  version: 0.0.1-alpha.1
- name: reports-server
  repository: https://nirmata.github.io/kyverno-charts
  version: 0.2.34
- name: openreports
  repository: https://openreports.github.io/reports-api
  version: 0.1.0
digest: sha256:238985f0bbebe43185b924d2bba33a7a6352c7b3f188fca26711e9d9f01360e9
generated: "2026-07-30T07:46:21.73532172Z"
