dependencies:
- name: grafana
  repository: ""
  version: 3.4.3
- name: reports-server
  repository: https://nirmata.github.io/kyverno-charts
  version: 0.2.6
- name: crds
  repository: ""
  version: 3.4.3
digest: sha256:6c098ae419ac462d5c1dbd49bce3214143a560ddd90b1e77ec2adba13e33d97a
generated: "2025-08-22T00:06:26.436667626Z"
