dependencies:
- name: grafana
  repository: ""
  version: 3.6.3
- name: crds
  repository: ""
  version: 3.6.3
- name: reports-server
  repository: https://nirmata.github.io/kyverno-charts
  version: 0.2.17
- name: openreports
  repository: https://openreports.github.io/reports-api
  version: 0.1.0
digest: sha256:e1071f69f6e8ac11a510afb0fc1837030c9c730010f1514a81cb94c50a929961
generated: "2026-02-03T17:15:34.168834054Z"
