dependencies:
- name: grafana
  repository: ""
  version: 3.7.0
- name: crds
  repository: ""
  version: 3.7.0
- name: kyverno-api
  repository: https://kyverno.github.io/api
  version: 0.0.1-alpha.1
- name: reports-server
  repository: https://nirmata.github.io/kyverno-charts
  version: 0.3.0-rc4
- name: openreports
  repository: https://openreports.github.io/reports-api
  version: 0.1.0
digest: sha256:89169e7b5c454bc8d536603e5c1f111f9d000fcaf7fb9ce612b46d8b377df581
generated: "2026-06-25T17:05:58.011617733Z"
