dependencies:
- name: grafana
  repository: ""
  version: 3.6.1
- name: crds
  repository: ""
  version: 3.6.1
- name: reports-server
  repository: https://nirmata.github.io/kyverno-charts
  version: 0.2.14-rc2
- name: openreports
  repository: https://openreports.github.io/reports-api
  version: 0.1.0
digest: sha256:ce8c6d414dd6653cfc5370250d2cc58e8af69f29c0239f3066d3c93c85d4c5ee
generated: "2025-12-24T15:21:45.235244604Z"
