dependencies:
- name: alchemi-keycloak
  repository: oci://alchemiacr.azurecr.io/helm
  version: 1.0.5
- name: alchemi-web
  repository: oci://alchemiacr.azurecr.io/helm
  version: 1.0.5
- name: alchemi-ai
  repository: oci://alchemiacr.azurecr.io/helm
  version: 1.0.5
- name: alchemi-compute-api
  repository: oci://alchemiacr.azurecr.io/helm
  version: 1.0.5
- name: alchemi-worker
  repository: oci://alchemiacr.azurecr.io/helm
  version: 1.0.5
- name: alchemi-zenith
  repository: oci://alchemiacr.azurecr.io/helm
  version: 1.0.5
- name: alchemi-guardrails
  repository: oci://alchemiacr.azurecr.io/helm
  version: 1.0.5
digest: sha256:ad5b8fd9a066579b12909530fabe01c0d51df66aac6d7278577fb628434a4788
generated: "2026-07-27T20:32:08.6853024+05:30"
