dependencies:
- name: knowledge-sensor
  repository: https://asserts.github.io/helm-charts
  version: 1.1.0
- name: victoria-metrics-single
  repository: https://asserts.github.io/helm-charts
  version: 1.1.0
- name: alertmanager
  repository: https://asserts.github.io/helm-charts
  version: 1.0.0
- name: promxy
  repository: https://asserts.github.io/helm-charts
  version: 0.7.0
- name: promxy
  repository: https://asserts.github.io/helm-charts
  version: 0.7.0
- name: common
  repository: https://charts.bitnami.com/bitnami
  version: 1.17.1
- name: redis
  repository: https://charts.bitnami.com/bitnami
  version: 16.13.2
- name: redis
  repository: https://charts.bitnami.com/bitnami
  version: 16.13.2
- name: postgresql
  repository: https://charts.bitnami.com/bitnami
  version: 11.9.13
digest: sha256:2ad6af6383c531404c3f55761585730181c3504106c12a40dd892dbe1484a277
generated: "2022-12-23T10:28:05.00545-08:00"
