dependencies:
- name: knowledge-sensor
  repository: https://asserts.github.io/helm-charts
  version: 1.1.0
- name: victoria-metrics-single
  repository: https://asserts.github.io/helm-charts
  version: 1.1.0
- name: alertmanager
  repository: https://asserts.github.io/helm-charts
  version: 1.0.0
- name: promxy
  repository: https://asserts.github.io/helm-charts
  version: 0.7.0
- name: promxy
  repository: https://asserts.github.io/helm-charts
  version: 0.7.0
- name: common
  repository: https://charts.bitnami.com/bitnami
  version: 1.17.1
- name: redis
  repository: https://charts.bitnami.com/bitnami
  version: 16.8.7
- name: redis
  repository: https://charts.bitnami.com/bitnami
  version: 16.8.7
- name: postgresql
  repository: https://charts.bitnami.com/bitnami
  version: 11.1.23
digest: sha256:8eea76e7c56330e8a61698f100608b1a37dc3493c264fb23e115c4e551e69bd9
generated: "2022-12-09T09:23:24.971235-08:00"
