dependencies:
- name: common
  repository: https://charts.sourcemation.com/
  version: 0.1.1
- name: redis-operator
  repository: https://ot-container-kit.github.io/helm-charts
  version: 0.20.3
digest: sha256:23f06109f5dc96ab7b19771f8d5f2f7e5512fb1330854a4333bb079e30e08c9a
generated: "2025-06-27T12:01:12.07878486+02:00"
