dependencies:
- name: dex
  repository: https://charts.dexidp.io
  version: 0.15.2
- name: seaweedfs
  repository: https://seaweedfs.github.io/seaweedfs/helm
  version: 4.0.412
- name: reflector
  repository: https://emberstack.github.io/helm-charts
  version: 10.0.58
- name: s3gw
  repository: https://s3gw-tech.github.io/s3gw-charts
  version: 0.14.0
- name: cert-manager
  repository: https://charts.jetstack.io
  version: v1.19.3
digest: sha256:442b82351cbf77e501c0fbae7c56d6be9ac2c2ddca26b5af2bf3b02a0e937940
generated: "2026-07-15T14:51:04.541998782-04:00"
