dependencies:
- name: common
  repository: https://charts.sourcemation.com/
  version: 0.1.1
- name: rabbitmq-cluster-operator
  repository: https://charts.bitnami.com/bitnami
  version: 4.4.18
digest: sha256:b50f78941b035e1834a82e226fd30aab3ee0e11554034f7065944b6bf448a3ba
generated: "2025-06-11T10:29:50.522620457+02:00"
