dependencies:
- name: rabbitmq-cluster-operator
  repository: https://charts.bitnami.com/bitnami
  version: 4.3.16
- name: cloudnative-pg
  repository: https://cloudnative-pg.github.io/charts
  version: 0.21.5
- name: redis-operator
  repository: https://ot-container-kit.github.io/helm-charts
  version: 0.18.0
digest: sha256:452d86d0d29ecfd1b417895649d33ba60b28d113d578739730afab0df59bb9af
generated: "2024-07-30T11:30:06.54299445+02:00"
