dependencies:
- name: grafana
  repository: ""
  version: 3.7.0
- name: crds
  repository: ""
  version: 3.7.0
- name: kyverno-api
  repository: https://kyverno.github.io/api
  version: 0.0.1-alpha.1
- name: reports-server
  repository: https://nirmata.github.io/kyverno-charts
  version: 0.2.33
- name: openreports
  repository: https://openreports.github.io/reports-api
  version: 0.1.0
digest: sha256:64564ffc8423f7cc4e2f48ef5cc0e9de02f68c0d4815df11ff22158d6c44f300
generated: "2026-07-24T12:59:32.244337611Z"
