dependencies:
- name: grafana
  repository: ""
  version: 3.6.0
- name: crds
  repository: ""
  version: 3.6.0
- name: reports-server
  repository: https://nirmata.github.io/kyverno-charts
  version: 0.2.8-rc3
- name: openreports
  repository: https://openreports.github.io/reports-api
  version: 0.1.0
digest: sha256:7e45e6b07903ba72e8a3ebb0079c28a7edd4f4d97ecf8fcd640c03eac6493945
generated: "2025-11-10T09:35:50.558224877Z"
