dependencies:
- name: etcd
  repository: https://charts.bitnami.com/bitnami
  version: 8.6.0
- name: jaeger-operator
  repository: https://jaegertracing.github.io/helm-charts
  version: 2.25.0
- name: loki-stack
  repository: https://grafana.github.io/helm-charts
  version: 2.6.4
- name: nats
  repository: https://nats-io.github.io/k8s/helm/charts/
  version: 0.19.14
- name: localpv-provisioner
  repository: https://openebs.github.io/dynamic-localpv-provisioner
  version: 3.4.1
digest: sha256:0a43736883b9088fad4cd9e013abc88a470fb9d0e5cba50ce63c98172522a3fc
generated: "2023-09-05T10:04:06.785720699Z"
