dependencies:
- name: grafana
  repository: ""
  version: 3.6.1
- name: crds
  repository: ""
  version: 3.6.1
- name: reports-server
  repository: https://nirmata.github.io/kyverno-charts
  version: 0.2.9
- name: openreports
  repository: https://openreports.github.io/reports-api
  version: 0.1.0
digest: sha256:7026baabb8171c6d6a5069e324c2609abbb9f02a72700f258a15544b60db9145
generated: "2025-12-16T11:25:44.120198187Z"
