dependencies:
- name: etcd
  repository: https://charts.bitnami.com/bitnami
  version: 8.6.0
- name: jaeger-operator
  repository: https://jaegertracing.github.io/helm-charts
  version: 2.25.0
- name: loki-stack
  repository: https://grafana.github.io/helm-charts
  version: 2.6.4
- name: nats
  repository: https://nats-io.github.io/k8s/helm/charts/
  version: 0.19.14
digest: sha256:c0d336c611e8210628a1f97f171d19857fd8b56a5df63584baf3b26c25e91830
generated: "2023-07-22T09:19:20.694369225Z"
