dependencies:
- name: dex
  repository: https://charts.dexidp.io
  version: 0.15.2
- name: seaweedfs
  repository: https://seaweedfs.github.io/seaweedfs/helm
  version: 4.0.412
- name: reflector
  repository: oci://ghcr.io/emberstack/helm-charts
  version: 10.0.21
- name: s3gw
  repository: https://s3gw-tech.github.io/s3gw-charts
  version: 0.14.0
- name: cert-manager
  repository: https://charts.jetstack.io
  version: v1.19.3
digest: sha256:a864ee4d2cd344a75be521bb6127b8c684cd8deb60697019b438e17a64579893
generated: "2026-05-11T06:22:15.802268372-04:00"
