dependencies:
- name: kubemq-crds
  repository: https://kubemq-io.github.io/charts
  version: 2.3.7
- name: kubemq-controller
  repository: https://kubemq-io.github.io/charts
  version: 1.9.3
digest: sha256:c9b644d18249502f1f7ceb749b408da3844e9a5005da89ed03079cbed68de63b
generated: "2023-03-18T13:35:49.5815949+02:00"
