dependencies:
- name: reports-server
  repository: https://nirmata.github.io/reports-server
  version: 0.1.29
- name: grafana
  repository: ""
  version: 3.4.3
- name: crds
  repository: ""
  version: 3.4.3
digest: sha256:82db2ef2dbb431f57800fa6956833df732351ebfe59637331951aa004b624a1c
generated: "2025-06-27T12:58:23.161317301Z"
