dependencies:
- name: common
  repository: https://charts.sourcemation.com/
  version: 0.1.1
- name: redis-operator
  repository: https://ot-container-kit.github.io/helm-charts
  version: 0.21.0
digest: sha256:3b3f54106a07e3c6a15011aa7ec0ec7decbcf6bef51eb333a708c8248b2d693e
generated: "2025-06-30T13:35:02.595049003Z"
