dependencies:
- name: grafana
  repository: ""
  version: 3.5.1
- name: reports-server
  repository: https://nirmata.github.io/kyverno-charts
  version: 0.2.7
- name: crds
  repository: ""
  version: 3.5.1
- name: openreports
  repository: https://openreports.github.io/reports-api
  version: 0.1.0
digest: sha256:080cc85ef3a887c6e51566eb4cdaf2dbd46e8bc71df5e41233cc16b973c272d1
generated: "2025-09-04T10:36:57.454766373Z"
