dependencies:
- name: openebs-ndm
  repository: https://openebs.github.io/node-disk-manager
  version: 2.1.0
- name: localpv-provisioner
  repository: https://openebs.github.io/dynamic-localpv-provisioner
  version: 3.4.0
- name: cstor
  repository: https://openebs.github.io/cstor-operators
  version: 3.4.0
- name: jiva
  repository: https://openebs.github.io/jiva-operator
  version: 3.4.0
- name: zfs-localpv
  repository: https://openebs.github.io/zfs-localpv
  version: 2.2.0
- name: lvm-localpv
  repository: https://openebs.github.io/lvm-localpv
  version: 1.1.0
- name: nfs-provisioner
  repository: https://openebs.github.io/dynamic-nfs-provisioner
  version: 0.10.0
- name: mayastor
  repository: https://openebs.github.io/mayastor-extensions
  version: 2.2.0
digest: sha256:dccfd161dbdb5a0fcbc66006cc2c9f174a0e614d11bb79d3b52ef884395e57a7
generated: "2023-05-29T11:58:29.349483874Z"
