dependencies:
- name: openebs-ndm
  repository: https://openebs.github.io/node-disk-manager
  version: 2.1.0
- name: localpv-provisioner
  repository: https://openebs.github.io/dynamic-localpv-provisioner
  version: 3.4.0
- name: cstor
  repository: https://openebs.github.io/cstor-operators
  version: 3.4.0
- name: jiva
  repository: https://openebs.github.io/jiva-operator
  version: 3.4.0
- name: zfs-localpv
  repository: https://openebs.github.io/zfs-localpv
  version: 2.1.0
- name: lvm-localpv
  repository: https://openebs.github.io/lvm-localpv
  version: 1.0.1
- name: nfs-provisioner
  repository: https://openebs.github.io/dynamic-nfs-provisioner
  version: 0.10.0
- name: mayastor
  repository: https://openebs.github.io/mayastor-extensions
  version: 2.1.0
digest: sha256:7a5581f9f69600f76a026edd6057b40b598d989b7e8f4852409ba1f285777392
generated: "2023-04-26T18:11:53.841045084Z"
