dependencies:
- name: grafana
  repository: ""
  version: 3.4.3
- name: reports-server
  repository: https://nirmata.github.io/reports-server
  version: 0.2.3
- name: crds
  repository: ""
  version: 3.4.3
digest: sha256:6935dcb8e1ba8ab38c6c051e91628eecb9b1737d64c1682fd8823d1e8f5cd8e0
generated: "2025-08-11T09:57:27.45780805Z"
