dependencies:
- name: loki
  repository: https://grafana.github.io/helm-charts
  version: 6.46.0
- name: promtail
  repository: https://grafana.github.io/helm-charts
  version: 6.17.1
digest: sha256:724b8586545da2ef9a10cb20696878d56c1daa9fec88d45407d7f7bcf42843a0
generated: "2025-12-04T12:13:41.561444351+05:30"
