dependencies:
- name: kube-prometheus-stack
  repository: https://prometheus-community.github.io/helm-charts
  version: 40.5.0
- name: falco
  repository: https://falcosecurity.github.io/charts
  version: 7.0.2
- name: metrics-server
  repository: https://charts.bitnami.com/bitnami
  version: 7.4.12
- name: telegraf-operator
  repository: https://helm.influxdata.com/
  version: 1.4.0
- name: tailing-sidecar-operator
  repository: https://sumologic.github.io/tailing-sidecar
  version: 0.19.2
- name: opentelemetry-operator
  repository: https://open-telemetry.github.io/opentelemetry-helm-charts
  version: 0.99.1
- name: prometheus-windows-exporter
  repository: https://prometheus-community.github.io/helm-charts
  version: 0.3.1
digest: sha256:e2affae3904b58ac00b7e208adc74d0808ae2de6efc1193db8fb137704fe327d
generated: "2026-01-22T10:41:03.705886564Z"
