dependencies:
- name: mongodb-replicaset
  repository: https://charts.helm.sh/stable
  version: 3.11.3
- name: mongodb
  repository: https://charts.bitnami.com/bitnami
  version: 11.0.5
digest: sha256:ef0bdb8d615ae2d8929c6533a4c87361bbefd9be924d5ed6464fc18def59d5a4
generated: "2022-05-23T14:34:19.477817402Z"
