dependencies:
- name: knowledge-sensor
  repository: https://asserts.github.io/helm-charts
  version: 1.0.0
- name: victoria-metrics-single
  repository: https://asserts.github.io/helm-charts
  version: 1.1.0
- name: alertmanager
  repository: https://asserts.github.io/helm-charts
  version: 1.0.0
- name: promxy
  repository: https://asserts.github.io/helm-charts
  version: 0.7.0
- name: promxy
  repository: https://asserts.github.io/helm-charts
  version: 0.7.0
- name: common
  repository: https://charts.bitnami.com/bitnami
  version: 1.17.1
- name: redis
  repository: https://charts.bitnami.com/bitnami
  version: 16.8.7
- name: redis
  repository: https://charts.bitnami.com/bitnami
  version: 16.8.7
- name: postgresql
  repository: https://charts.bitnami.com/bitnami
  version: 11.1.23
digest: sha256:c0b26e2dde9c10c982c2fab8a851100d6e8ad0cf7c2a6bdf63583023644bf92f
generated: "2022-11-29T09:21:48.692341-08:00"
