dependencies:
- name: rabbitmq-cluster-operator
  repository: https://charts.bitnami.com/bitnami
  version: 4.3.27
- name: cloudnative-pg
  repository: https://cloudnative-pg.github.io/charts
  version: 0.22.1
- name: redis-operator
  repository: https://ot-container-kit.github.io/helm-charts
  version: 0.18.5
digest: sha256:2fc6f986b636eb8f90b428e5556e9d9b6c8f9db7fccd6f6fb595e007274afef1
generated: "2024-11-24T21:39:09.060557578+01:00"
