dependencies:
- name: falcosidekick
  repository: https://falcosecurity.github.io/charts
  version: 0.11.1
- name: k8s-metacollector
  repository: https://falcosecurity.github.io/charts
  version: 0.1.10
- name: falco-talon
  repository: https://falcosecurity.github.io/charts
  version: 0.3.0
digest: sha256:24548161313753b1b2de13038f04ad6f2214726d66dd63caf98cd7da46410298
generated: "2025-11-25T17:59:55.323420169Z"
