dependencies:
- name: openebs-ndm
  repository: https://openebs.github.io/node-disk-manager
  version: 1.7.1
- name: localpv-provisioner
  repository: https://openebs.github.io/dynamic-localpv-provisioner
  version: 3.0.1
- name: cstor
  repository: https://openebs.github.io/cstor-operators
  version: 3.0.1
- name: jiva
  repository: https://openebs.github.io/jiva-operator
  version: 3.0.1
- name: zfs-localpv
  repository: https://openebs.github.io/zfs-localpv
  version: 1.9.8
- name: lvm-localpv
  repository: https://openebs.github.io/lvm-localpv
  version: 0.8.5
- name: nfs-provisioner
  repository: https://openebs.github.io/dynamic-nfs-provisioner
  version: 0.7.1
digest: sha256:d669e29f12cff9c686ff5c27c3e211981378cb95861ffef27a14d0d97d408bf8
generated: "2021-09-24T08:58:55.997382538Z"
