dependencies:
- name: rabbitmq-cluster-operator
  repository: https://charts.bitnami.com/bitnami
  version: 4.4.11
- name: cloudnative-pg
  repository: https://cloudnative-pg.github.io/charts
  version: 0.23.2
- name: redis-operator
  repository: https://ot-container-kit.github.io/helm-charts
  version: 0.20.1
digest: sha256:232c6e23ab4e875ede304726a41551c656fd2664cb5ba855b139c165ba54bf8e
generated: "2025-05-14T14:03:50.51125668+02:00"
