dependencies:
- name: postgresql
  repository: oci://registry-1.docker.io/bitnamicharts
  version: 16.7.11
- name: postgresql-ha
  repository: oci://registry-1.docker.io/bitnamicharts
  version: 16.0.14
- name: valkey-cluster
  repository: oci://registry-1.docker.io/bitnamicharts
  version: 3.0.14
- name: valkey
  repository: oci://registry-1.docker.io/bitnamicharts
  version: 3.0.13
digest: sha256:87746bfd77ba585a15e85a2c8705ca3e86668298ba012a1adca2bc221deb7f49
generated: "2025-06-15T00:04:51.382524189Z"
