dependencies:
- name: kube-prometheus-stack
  repository: https://prometheus-community.github.io/helm-charts
  version: 40.5.0
- name: falco
  repository: https://falcosecurity.github.io/charts
  version: 7.2.1
- name: metrics-server
  repository: https://kubernetes-sigs.github.io/metrics-server/
  version: 3.14.0
- name: telegraf-operator
  repository: https://helm.influxdata.com/
  version: 1.4.0
- name: tailing-sidecar-operator
  repository: https://sumologic.github.io/tailing-sidecar
  version: 0.20.8
- name: opentelemetry-operator
  repository: https://open-telemetry.github.io/opentelemetry-helm-charts
  version: 0.124.0
- name: prometheus-windows-exporter
  repository: https://prometheus-community.github.io/helm-charts
  version: 0.12.8
digest: sha256:149a2d9fb4c9ddad11a337fd70bfb37201b67dc910b59e74df82e1b879191a9a
generated: "2026-09-30T08:51:00.832447035Z"
