dependencies:
- name: knowledge-sensor
  repository: https://asserts.github.io/helm-charts
  version: 1.0.0
- name: victoria-metrics-single
  repository: https://asserts.github.io/helm-charts
  version: 0.8.12
- name: alertmanager
  repository: https://asserts.github.io/helm-charts
  version: 0.14.0
- name: promxy
  repository: https://asserts.github.io/helm-charts
  version: 0.7.0
- name: promxy
  repository: https://asserts.github.io/helm-charts
  version: 0.7.0
- name: common
  repository: https://charts.bitnami.com/bitnami
  version: 1.17.1
- name: redis
  repository: https://charts.bitnami.com/bitnami
  version: 16.8.7
- name: redis
  repository: https://charts.bitnami.com/bitnami
  version: 16.8.7
- name: postgresql
  repository: https://charts.bitnami.com/bitnami
  version: 11.1.23
digest: sha256:2289f73767e29eb3d50a7a224b5f4ddcda340feb2c0a0938d4c5e7a711ed8bfb
generated: "2022-09-16T13:52:47.368838-07:00"
