dependencies:
- name: kube-prometheus-stack
  repository: https://prometheus-community.github.io/helm-charts
  version: 40.5.0
- name: falco
  repository: https://falcosecurity.github.io/charts
  version: 7.2.1
- name: metrics-server
  repository: https://kubernetes-sigs.github.io/metrics-server/
  version: 3.13.1
- name: telegraf-operator
  repository: https://helm.influxdata.com/
  version: 1.4.0
- name: tailing-sidecar-operator
  repository: https://sumologic.github.io/tailing-sidecar
  version: 0.20.5
- name: opentelemetry-operator
  repository: https://open-telemetry.github.io/opentelemetry-helm-charts
  version: 0.115.1
- name: prometheus-windows-exporter
  repository: https://prometheus-community.github.io/helm-charts
  version: 0.12.7
digest: sha256:db39b23c76cdd9c7cc62b96d5a8193c6b31951ac8b96efb1262e1b48911c784f
generated: "2026-06-24T13:00:22.09696605Z"
