dependencies:
- name: postgresql
  repository: oci://registry-1.docker.io/bitnamicharts
  version: 16.7.20
- name: postgresql-ha
  repository: oci://registry-1.docker.io/bitnamicharts
  version: 16.0.22
- name: valkey-cluster
  repository: oci://registry-1.docker.io/bitnamicharts
  version: 3.0.18
- name: valkey
  repository: oci://registry-1.docker.io/bitnamicharts
  version: 3.0.22
digest: sha256:fb4c01f4480faa0e38e1679ed8c277cdfa0bae7c38db6f52f5b80412749a45d2
generated: "2025-07-19T00:04:32.007174079Z"
