apiVersion: storage.k8s.io/v1
kind: VolumeAttributesClass
metadata:
  name: powerstore-block
driverName: csi-powerstore.dellemc.com
parameters:
  Description: "Sample VAC file"
  PerformancePolicyID: "performance-policy-id"
  ProtectionPolicyID: "protection-policy-id"
  AppType: "Relational_Databases_Other"
  AppTypeOther: "Mongo DB"
