dependencies:
- name: common
  repository: https://charts.sourcemation.com/
  version: 0.1.1
- name: cloudnative-pg
  repository: https://cloudnative-pg.github.io/charts
  version: 0.26.0
digest: sha256:3e3b9332e2947a5efeedd8fd435234245e183f9826058459559dc019964c073f
generated: "2025-08-13T23:59:21.544509555Z"
