dependencies:
- name: grafana
  repository: ""
  version: 3.6.3
- name: crds
  repository: ""
  version: 3.6.3
- name: reports-server
  repository: https://nirmata.github.io/kyverno-charts
  version: 0.2.14-rc2
- name: openreports
  repository: https://openreports.github.io/reports-api
  version: 0.1.0
digest: sha256:edf2707be35ac47b0d96614a72b0b9fe99be01f9cc697448ae0cc7505c8e0989
generated: "2026-01-29T20:36:02.326428669Z"
