dependencies:
- name: openebs-ndm
  repository: https://openebs.github.io/node-disk-manager
  version: 2.1.0
- name: localpv-provisioner
  repository: https://openebs.github.io/dynamic-localpv-provisioner
  version: 3.4.1
- name: cstor
  repository: https://openebs.github.io/cstor-operators
  version: 3.5.0
- name: jiva
  repository: https://openebs.github.io/jiva-operator
  version: 3.5.1
- name: zfs-localpv
  repository: https://openebs.github.io/zfs-localpv
  version: 2.3.1
- name: lvm-localpv
  repository: https://openebs.github.io/lvm-localpv
  version: 1.3.0
- name: nfs-provisioner
  repository: https://openebs.github.io/dynamic-nfs-provisioner
  version: 0.10.0
- name: mayastor
  repository: https://openebs.github.io/mayastor-extensions
  version: 2.4.0
digest: sha256:189f7edfd9afecb40e757800569aa71a053d986fb9520aec22d08e134a7f6038
generated: "2023-09-06T06:22:45.720572899Z"
