dependencies:
- name: dh-ms-nginx
  repository: https://deployhubproject.github.io/charts/
  version: 10.0.10
- name: dh-ms-general
  repository: https://deployhubproject.github.io/charts/
  version: 10.0.8
- name: dh-ms-ui
  repository: https://deployhubproject.github.io/charts/
  version: 10.0.6
- name: dh-postgres
  repository: https://deployhubproject.github.io/charts/
  version: 10.0.4
- name: dh-jwt
  repository: https://deployhubproject.github.io/charts/
  version: 10.0.4
- name: ms-dep-pkg-cud
  repository: https://ortelius.github.io/ortelius-ms-dep-pkg-cud/
  version: 10.0.0-build.69
- name: ms-dep-pkg-r
  repository: https://ortelius.github.io/ortelius-ms-dep-pkg-r/
  version: 10.0.0-build.52
- name: ms-textfile-crud
  repository: https://ortelius.github.io/ortelius-ms-textfile-crud/
  version: 10.0.0-build.48
- name: ms-validate-user
  repository: https://ortelius.github.io/ortelius-ms-validate-user/
  version: 10.0.0-build.48
- name: ms-compitem-crud
  repository: https://ortelius.github.io/ortelius-ms-compitem-crud/
  version: 10.0.0-build.78
digest: sha256:6832d54984d5cbbc7210492606ec6fc46a3f385c63010b4b7b3fb6518efe39e6
generated: "2022-04-18T20:24:23.87156332Z"
