dependencies:
- name: common
  repository: https://charts.sourcemation.com/
  version: 0.1.1
- name: cloudnative-pg
  repository: https://cloudnative-pg.github.io/charts
  version: 0.23.2
digest: sha256:38c1c09c7bb1c8faec853979e96417fe84c9d2c2bc9dd89c4b1083bb1bdf1365
generated: "2025-05-23T01:59:23.478221179+02:00"
