dependencies:
- name: fluent-bit
  repository: https://fluent.github.io/helm-charts
  version: 0.20.2
- name: kube-prometheus-stack
  repository: https://prometheus-community.github.io/helm-charts
  version: 12.10.0
- name: falco
  repository: https://falcosecurity.github.io/charts
  version: 1.18.6
- name: metrics-server
  repository: https://charts.bitnami.com/bitnami
  version: 5.11.9
- name: telegraf-operator
  repository: https://helm.influxdata.com/
  version: 1.3.5
- name: tailing-sidecar-operator
  repository: https://sumologic.github.io/tailing-sidecar
  version: 0.3.4
- name: opentelemetry-operator
  repository: https://open-telemetry.github.io/opentelemetry-helm-charts
  version: 0.13.0
digest: sha256:b67f02b90b184b6bc5930e44b69dfb7237e22bef3d83adaba78863aaf320b3f6
generated: "2022-10-21T14:04:34.159539716Z"
