dependencies:
- name: common
  repository: https://charts.sourcemation.com/
  version: 0.1.1
- name: rabbitmq-cluster-operator
  repository: https://charts.bitnami.com/bitnami
  version: 4.4.31
digest: sha256:15c25b58434d28718b1f569846a3d7d1d6759734cb20f41b0298d6d8c101334a
generated: "2025-08-12T00:00:08.655857232Z"
