dependencies:
- name: rabbitmq-cluster-operator
  repository: https://charts.bitnami.com/bitnami
  version: 4.4.8
- name: cloudnative-pg
  repository: https://cloudnative-pg.github.io/charts
  version: 0.23.2
- name: redis-operator
  repository: https://ot-container-kit.github.io/helm-charts
  version: 0.20.1
digest: sha256:caa7d4e05bd46636de262df1652ad146c5fd34fbc136ea9bef07d9ef19e2f4ee
generated: "2025-04-30T22:34:14.055721882+02:00"
