dependencies:
- name: grafana
  repository: ""
  version: 3.9.0
- name: crds
  repository: ""
  version: 3.9.0
- name: kyverno-api
  repository: https://kyverno.github.io/api
  version: 0.0.1-alpha.2
- name: reports-server
  repository: https://nirmata.github.io/kyverno-charts
  version: 0.2.37
- name: openreports
  repository: https://openreports.github.io/reports-api
  version: 0.1.0
- name: kyverno-notation-aws
  repository: https://nirmata.github.io/kyverno-charts
  version: 2.0.0
digest: sha256:dbbe3e87f6d209261f70eabb8509402bdb847fb4c9aed8562bfc7dd86dca693d
generated: "2026-10-09T16:51:18.868772669Z"
