dependencies:
- name: fluent-bit
  repository: https://fluent.github.io/helm-charts
  version: 0.14.1
- name: kube-prometheus-stack
  repository: https://prometheus-community.github.io/helm-charts
  version: 12.10.0
- name: falco
  repository: https://falcosecurity.github.io/charts
  version: 1.17.4
- name: metrics-server
  repository: https://charts.bitnami.com/bitnami
  version: 5.8.4
- name: telegraf-operator
  repository: https://helm.influxdata.com/
  version: 1.3.3
- name: tailing-sidecar-operator
  repository: https://sumologic.github.io/tailing-sidecar
  version: 0.3.2
digest: sha256:5540aef6a9218518bd34dbbc64daa085cb52cac2b75bb491695ab67308bdb327
generated: "2022-06-01T19:02:11.269620833Z"
