dependencies:
- name: kube-prometheus-stack
  repository: https://prometheus-community.github.io/helm-charts
  version: 40.5.0
- name: falco
  repository: https://falcosecurity.github.io/charts
  version: 7.0.2
- name: metrics-server
  repository: https://charts.bitnami.com/bitnami
  version: 7.4.12
- name: telegraf-operator
  repository: https://helm.influxdata.com/
  version: 1.4.0
- name: tailing-sidecar-operator
  repository: https://sumologic.github.io/tailing-sidecar
  version: 0.20.0
- name: opentelemetry-operator
  repository: https://open-telemetry.github.io/opentelemetry-helm-charts
  version: 0.106.0
- name: prometheus-windows-exporter
  repository: https://prometheus-community.github.io/helm-charts
  version: 0.3.1
digest: sha256:f3b6e1a68a3583e7c519a0ee15f0ddf16f4671526e665dcabdadf877340d1e89
generated: "2026-03-06T06:58:13.256143305Z"
