dependencies:
- name: gitlab
  repository: ""
  version: '*.*.*'
- name: certmanager-issuer
  repository: ""
  version: '*.*.*'
- name: minio
  repository: ""
  version: '*.*.*'
- name: registry
  repository: ""
  version: '*.*.*'
- name: cert-manager
  repository: https://charts.jetstack.io/
  version: v1.5.4
- name: prometheus
  repository: https://prometheus-community.github.io/helm-charts
  version: 15.0.4
- name: postgresql
  repository: https://raw.githubusercontent.com/bitnami/charts/eb5f9a9513d987b519f0ecd732e7031241c50328/bitnami
  version: 8.9.4
- name: gitlab-runner
  repository: https://charts.gitlab.io/
  version: 0.45.0
- name: grafana
  repository: https://grafana.github.io/helm-charts
  version: 6.11.0
- name: redis
  repository: https://raw.githubusercontent.com/bitnami/charts/eb5f9a9513d987b519f0ecd732e7031241c50328/bitnami
  version: 11.3.4
- name: nginx-ingress
  repository: ""
  version: '*.*.*'
digest: sha256:44a60403595f515cc1c2824e06e9789ceab9642cba45adc211791c8904e16aad
generated: "2022-11-02T12:51:00.039319357Z"
