dependencies:
- name: openebs-ndm
  repository: https://openebs.github.io/node-disk-manager
  version: 1.6.0
- name: localpv-provisioner
  repository: https://openebs.github.io/dynamic-localpv-provisioner
  version: 2.11.0
- name: cstor
  repository: https://openebs.github.io/cstor-operators
  version: 2.11.0
- name: jiva
  repository: https://openebs.github.io/jiva-operator
  version: 2.11.0
- name: zfs-localpv
  repository: https://openebs.github.io/zfs-localpv
  version: 1.9.0
- name: lvm-localpv
  repository: https://openebs.github.io/lvm-localpv
  version: 0.7.0
digest: sha256:1ebff382d4bd81d067ecc6ca4ce844cd91fa0b389532a7235f18d566cef2d003
generated: "2021-07-16T10:56:06.524924204Z"
