dependencies:
- name: postgresql
  repository: oci://registry-1.docker.io/bitnamicharts
  version: 16.7.13
- name: postgresql-ha
  repository: oci://registry-1.docker.io/bitnamicharts
  version: 16.0.14
- name: valkey-cluster
  repository: oci://registry-1.docker.io/bitnamicharts
  version: 3.0.14
- name: valkey
  repository: oci://registry-1.docker.io/bitnamicharts
  version: 3.0.15
digest: sha256:cb7af3468a7bc4e55ae7c11f697d083870c7cdfb5759ba79484d8aae93fbfbdf
generated: "2025-06-22T00:06:08.754301496Z"
