dependencies:
- name: standard-defs
  repository: https://btp-charts-stable.s3.amazonaws.com/charts/
  version: 0.1.3
- name: sawtooth
  repository: https://btp-charts-unstable.s3.amazonaws.com/charts/
  version: 0.2.12
digest: sha256:780720dfac6408ac363acd252c6232b5a405368dda73dcbe3d2e208bbe0d75e8
generated: "2023-06-01T16:05:51.598742033-04:00"
