dependencies:
- name: gitlab
  repository: ""
  version: '*.*.*'
- name: certmanager-issuer
  repository: ""
  version: '*.*.*'
- name: minio
  repository: ""
  version: '*.*.*'
- name: registry
  repository: ""
  version: '*.*.*'
- name: cert-manager
  repository: https://charts.jetstack.io/
  version: v1.5.4
- name: prometheus
  repository: https://prometheus-community.github.io/helm-charts
  version: 15.0.4
- name: postgresql
  repository: https://raw.githubusercontent.com/bitnami/charts/eb5f9a9513d987b519f0ecd732e7031241c50328/bitnami
  version: 8.9.4
- name: gitlab-runner
  repository: https://charts.gitlab.io/
  version: 0.46.1
- name: grafana
  repository: https://grafana.github.io/helm-charts
  version: 6.11.0
- name: redis
  repository: https://raw.githubusercontent.com/bitnami/charts/eb5f9a9513d987b519f0ecd732e7031241c50328/bitnami
  version: 11.3.4
- name: nginx-ingress
  repository: ""
  version: '*.*.*'
digest: sha256:19dcd732718aab19a79cd814707e51a43355a9ff320406f1146f1cf288fa1bd1
generated: "2022-11-22T13:26:30.179216448Z"
