dependencies:
- name: kube-prometheus-stack
  repository: https://prometheus-community.github.io/helm-charts
  version: 40.5.0
- name: falco
  repository: https://falcosecurity.github.io/charts
  version: 7.0.2
- name: metrics-server
  repository: https://charts.bitnami.com/bitnami
  version: 7.4.12
- name: telegraf-operator
  repository: https://helm.influxdata.com/
  version: 1.4.0
- name: tailing-sidecar-operator
  repository: https://sumologic.github.io/tailing-sidecar
  version: 0.18.1
- name: opentelemetry-operator
  repository: https://open-telemetry.github.io/opentelemetry-helm-charts
  version: 0.99.1
- name: prometheus-windows-exporter
  repository: https://prometheus-community.github.io/helm-charts
  version: 0.3.1
digest: sha256:5332dfa2c4032f92be91cbf55ced3f71f9980c55ba368fbe8ff991f7b988fd1f
generated: "2026-01-20T05:57:10.56110421Z"
