dependencies:
- name: grafana
  repository: ""
  version: 3.6.3
- name: crds
  repository: ""
  version: 3.6.3
- name: reports-server
  repository: https://nirmata.github.io/kyverno-charts
  version: 0.2.16
- name: openreports
  repository: https://openreports.github.io/reports-api
  version: 0.1.0
digest: sha256:32d87ba4d804f2261f330e7c1fa135c1eca148cae32fdb91175105089214bf4d
generated: "2026-02-02T09:54:22.294254099Z"
