dependencies:
- name: common
  repository: https://sourcemation.github.io/charts/
  version: 0.1.1
- name: cert-manager
  repository: https://charts.jetstack.io
  version: v1.16.1
- name: cert-manager-approver-policy
  repository: https://charts.jetstack.io
  version: v0.16.0
digest: sha256:7c36a1b5ae563f41f575ab4ea52993138202852af0d0ed58cb265b06ec735fde
generated: "2024-11-03T17:51:34.849712675+01:00"
