dependencies:
- name: openebs-ndm
  repository: https://openebs.github.io/node-disk-manager
  version: 1.6.1
- name: localpv-provisioner
  repository: https://openebs.github.io/dynamic-localpv-provisioner
  version: 2.12.0
- name: cstor
  repository: https://openebs.github.io/cstor-operators
  version: 2.12.0
- name: jiva
  repository: https://openebs.github.io/jiva-operator
  version: 2.12.0
- name: zfs-localpv
  repository: https://openebs.github.io/zfs-localpv
  version: 1.9.3
- name: lvm-localpv
  repository: https://openebs.github.io/lvm-localpv
  version: 0.8.0
- name: nfs-provisioner
  repository: https://openebs.github.io/dynamic-nfs-provisioner
  version: 0.6.0
digest: sha256:3788c66c447688096edd246a9bf04599dd09b3e431911de4e7d8dcef8c933dc8
generated: "2021-08-21T23:42:59.475599212Z"
