dependencies:
- name: rabbitmq-cluster-operator
  repository: https://charts.bitnami.com/bitnami
  version: 4.4.17
- name: cloudnative-pg
  repository: https://cloudnative-pg.github.io/charts
  version: 0.24.0
- name: redis-operator
  repository: https://ot-container-kit.github.io/helm-charts
  version: 0.20.3
digest: sha256:3f13828f52aec515f20d4589ae9f136c545953c40659933ac0a5503374f927ae
generated: "2025-06-10T08:05:48.4736201+02:00"
