dependencies:
- name: grafana
  repository: ""
  version: 3.5.2
- name: reports-server
  repository: https://nirmata.github.io/kyverno-charts
  version: 0.2.7
- name: crds
  repository: ""
  version: 3.5.2
- name: openreports
  repository: https://openreports.github.io/reports-api
  version: 0.1.0
digest: sha256:f607342522172af985a9bd9c732f4f389d6052f97757dafb44c5e2f48543e768
generated: "2025-09-22T07:43:29.735369056Z"
