dependencies:
- name: rabbitmq-operator
  repository: https://charts.sourcemation.com/
  version: 0.1.10
- name: cnpg-operator
  repository: https://charts.sourcemation.com/
  version: 0.2.3
- name: redis-operator
  repository: https://charts.sourcemation.com/
  version: 0.2.2
digest: sha256:e190f48641001d7a45612daea03a093aa150ee85f5699359f805e7ca35933d61
generated: "2025-07-11T11:57:09.452762058+02:00"
