dependencies:
- name: grafana
  repository: ""
  version: 3.5.1
- name: reports-server
  repository: https://nirmata.github.io/kyverno-charts
  version: 0.2.6
- name: crds
  repository: ""
  version: 3.5.1
- name: openreports
  repository: https://openreports.github.io/reports-api
  version: 0.1.0
digest: sha256:0cae103a2a0cf4d2765fd58614f10572bd2cd83f22005144529553b0855e738c
generated: "2025-09-01T11:49:34.41160586Z"
